
Microsoft Visual Studio Solution File, Format Version 12.00
# Visual Studio 2012
Project("{FAE04EC0-301F-11D3-BF4B-00C04F79EFBC}") = "GildedRose.UI", "GildedRose.UI\GildedRose.UI.csproj", "{7D8C7471-BCDC-4494-8D18-DC38C4CAC070}"
EndProject
Project("{FAE04EC0-301F-11D3-BF4B-00C04F79EFBC}") = "GildedRose.UnitTests", "GildedRose.UnitTests\GildedRose.UnitTests.csproj", "{D559BC63-F27F-4794-9396-EC9045D7CD51}"
EndProject
Global
	GlobalSection(SolutionConfigurationPlatforms) = preSolution
		Debug|Any CPU = Debug|Any CPU
		Release|Any CPU = Release|Any CPU
	EndGlobalSection
	GlobalSection(ProjectConfigurationPlatforms) = postSolution
		{7D8C7471-BCDC-4494-8D18-DC38C4CAC070}.Debug|Any CPU.ActiveCfg = Debug|Any CPU
		{7D8C7471-BCDC-4494-8D18-DC38C4CAC070}.Debug|Any CPU.Build.0 = Debug|Any CPU
		{7D8C7471-BCDC-4494-8D18-DC38C4CAC070}.Release|Any CPU.ActiveCfg = Release|Any CPU
		{7D8C7471-BCDC-4494-8D18-DC38C4CAC070}.Release|Any CPU.Build.0 = Release|Any CPU
		{D559BC63-F27F-4794-9396-EC9045D7CD51}.Debug|Any CPU.ActiveCfg = Debug|Any CPU
		{D559BC63-F27F-4794-9396-EC9045D7CD51}.Debug|Any CPU.Build.0 = Debug|Any CPU
		{D559BC63-F27F-4794-9396-EC9045D7CD51}.Release|Any CPU.ActiveCfg = Release|Any CPU
		{D559BC63-F27F-4794-9396-EC9045D7CD51}.Release|Any CPU.Build.0 = Release|Any CPU
	EndGlobalSection
	GlobalSection(SolutionProperties) = preSolution
		HideSolutionNode = FALSE
	EndGlobalSection
EndGlobal
